// !$*UTF8*$!
{
	archiveVersion = 1;
	classes = {
	};
	objectVersion = 52;
	objects = {

/* Begin PBXBuildFile section */
		291FDECC2635C94F00181FE8 /* YelpAPI.swift in Sources */ = {isa = PBXBuildFile; fileRef = 291FDECB2635C94F00181FE8 /* YelpAPI.swift */; };
		A207D72C263F3D41006BAEC8 /* CollectionViewModel.swift in Sources */ = {isa = PBXBuildFile; fileRef = A207D72B263F3D41006BAEC8 /* CollectionViewModel.swift */; };
		A207D72E26405584006BAEC8 /* AccountViewModel.swift in Sources */ = {isa = PBXBuildFile; fileRef = A207D72D26405584006BAEC8 /* AccountViewModel.swift */; };
		A22ACC7326371C9500C04639 /* CollectionView.swift in Sources */ = {isa = PBXBuildFile; fileRef = A22ACC7226371C9500C04639 /* CollectionView.swift */; };
		A22ACC7626371CA200C04639 /* PlaceView.swift in Sources */ = {isa = PBXBuildFile; fileRef = A22ACC7526371CA200C04639 /* PlaceView.swift */; };
		A22ACC7926371CD000C04639 /* AddCollectionView.swift in Sources */ = {isa = PBXBuildFile; fileRef = A22ACC7826371CD000C04639 /* AddCollectionView.swift */; };
		A22ACC7D26371CD900C04639 /* AddPlaceView.swift in Sources */ = {isa = PBXBuildFile; fileRef = A22ACC7C26371CD900C04639 /* AddPlaceView.swift */; };
		A22ACC8426371CF700C04639 /* CollectionManageView.swift in Sources */ = {isa = PBXBuildFile; fileRef = A22ACC8326371CF700C04639 /* CollectionManageView.swift */; };
		A2641F432601695700A0F427 /* Alamofire in Frameworks */ = {isa = PBXBuildFile; productRef = A2641F422601695700A0F427 /* Alamofire */; };
		A2641F692601786600A0F427 /* Models.swift in Sources */ = {isa = PBXBuildFile; fileRef = A2641F682601786600A0F427 /* Models.swift */; };
		A2641F6E26017CE100A0F427 /* Strings.swift in Sources */ = {isa = PBXBuildFile; fileRef = A2641F6D26017CE100A0F427 /* Strings.swift */; };
		A2641F7426017F4F00A0F427 /* API.swift in Sources */ = {isa = PBXBuildFile; fileRef = A2641F7326017F4F00A0F427 /* API.swift */; };
		A27DD5B32635D8EF00A083CF /* LoginView.swift in Sources */ = {isa = PBXBuildFile; fileRef = A27DD5B22635D8EF00A083CF /* LoginView.swift */; };
		A27DD5B72635D96900A083CF /* LoginViewModel.swift in Sources */ = {isa = PBXBuildFile; fileRef = A27DD5B62635D96900A083CF /* LoginViewModel.swift */; };
		A27DD5BF2635DC9C00A083CF /* CollectionsView.swift in Sources */ = {isa = PBXBuildFile; fileRef = A27DD5BE2635DC9C00A083CF /* CollectionsView.swift */; };
		A27DD5C22635DCC400A083CF /* LoggedOutView.swift in Sources */ = {isa = PBXBuildFile; fileRef = A27DD5C12635DCC400A083CF /* LoggedOutView.swift */; };
		A27DD5C72635E04400A083CF /* SignupView.swift in Sources */ = {isa = PBXBuildFile; fileRef = A27DD5C62635E04400A083CF /* SignupView.swift */; };
		A27DD5CB2635E6E000A083CF /* UserViewModel.swift in Sources */ = {isa = PBXBuildFile; fileRef = A27DD5CA2635E6E000A083CF /* UserViewModel.swift */; };
		A27DD5CF2635F33400A083CF /* SignupViewModel.swift in Sources */ = {isa = PBXBuildFile; fileRef = A27DD5CE2635F33400A083CF /* SignupViewModel.swift */; };
		A27DD5D22635F69B00A083CF /* CollectionsViewModel.swift in Sources */ = {isa = PBXBuildFile; fileRef = A27DD5D12635F69B00A083CF /* CollectionsViewModel.swift */; };
		A27DD5D52635F95B00A083CF /* AccountView.swift in Sources */ = {isa = PBXBuildFile; fileRef = A27DD5D42635F95B00A083CF /* AccountView.swift */; };
		A27EDE1726362A280081104D /* LocationManager.swift in Sources */ = {isa = PBXBuildFile; fileRef = A27EDE1626362A280081104D /* LocationManager.swift */; };
		A27EDE1B26362A470081104D /* Place.swift in Sources */ = {isa = PBXBuildFile; fileRef = A27EDE1A26362A470081104D /* Place.swift */; };
		A27EDE1E26362A5C0081104D /* PlaceAnnotation.swift in Sources */ = {isa = PBXBuildFile; fileRef = A27EDE1D26362A5C0081104D /* PlaceAnnotation.swift */; };
		A27EDE2126362A8E0081104D /* MapView.swift in Sources */ = {isa = PBXBuildFile; fileRef = A27EDE2026362A8E0081104D /* MapView.swift */; };
		A27EDE2426362AA90081104D /* PlaceListView.swift in Sources */ = {isa = PBXBuildFile; fileRef = A27EDE2326362AA90081104D /* PlaceListView.swift */; };
		A27EDE2726362ABA0081104D /* PlaceSearch.swift in Sources */ = {isa = PBXBuildFile; fileRef = A27EDE2626362ABA0081104D /* PlaceSearch.swift */; };
		A27EDE2B26362B180081104D /* CoreLocation.framework in Frameworks */ = {isa = PBXBuildFile; fileRef = A27EDE2A26362B180081104D /* CoreLocation.framework */; };
		A27EDE2D26362B1D0081104D /* MapKit.framework in Frameworks */ = {isa = PBXBuildFile; fileRef = A27EDE2C26362B1D0081104D /* MapKit.framework */; };
		A2C1D9072645096900343F6F /* AddCollectionViewModel.swift in Sources */ = {isa = PBXBuildFile; fileRef = A2C1D9062645096900343F6F /* AddCollectionViewModel.swift */; };
		A2D050192638DB4F00E031F7 /* LoggedInView.swift in Sources */ = {isa = PBXBuildFile; fileRef = A2D050182638DB4F00E031F7 /* LoggedInView.swift */; };
		A2DED261264B4F0700431545 /* PlaceViewModel.swift in Sources */ = {isa = PBXBuildFile; fileRef = A2DED260264B4F0700431545 /* PlaceViewModel.swift */; };
		A2DED264264B631C00431545 /* AddPlaceViewModel.swift in Sources */ = {isa = PBXBuildFile; fileRef = A2DED263264B631C00431545 /* AddPlaceViewModel.swift */; };
		A2DED269264C326200431545 /* PlaceRowView.swift in Sources */ = {isa = PBXBuildFile; fileRef = A2DED268264C326200431545 /* PlaceRowView.swift */; };
		A2DED26B264C351A00431545 /* CollectionRowView.swift in Sources */ = {isa = PBXBuildFile; fileRef = A2DED26A264C351A00431545 /* CollectionRowView.swift */; };
		A2FF88482601668C00D16EBC /* TheKnowApp.swift in Sources */ = {isa = PBXBuildFile; fileRef = A2FF88472601668C00D16EBC /* TheKnowApp.swift */; };
		A2FF884A2601668C00D16EBC /* ContentView.swift in Sources */ = {isa = PBXBuildFile; fileRef = A2FF88492601668C00D16EBC /* ContentView.swift */; };
		A2FF884C2601668D00D16EBC /* Assets.xcassets in Resources */ = {isa = PBXBuildFile; fileRef = A2FF884B2601668D00D16EBC /* Assets.xcassets */; };
		A2FF884F2601668D00D16EBC /* Preview Assets.xcassets in Resources */ = {isa = PBXBuildFile; fileRef = A2FF884E2601668D00D16EBC /* Preview Assets.xcassets */; };
/* End PBXBuildFile section */

/* Begin PBXFileReference section */
		291FDECB2635C94F00181FE8 /* YelpAPI.swift */ = {isa = PBXFileReference; lastKnownFileType = sourcecode.swift; path = YelpAPI.swift; sourceTree = "<group>"; };
		A207D72B263F3D41006BAEC8 /* CollectionViewModel.swift */ = {isa = PBXFileReference; lastKnownFileType = sourcecode.swift; path = CollectionViewModel.swift; sourceTree = "<group>"; };
		A207D72D26405584006BAEC8 /* AccountViewModel.swift */ = {isa = PBXFileReference; lastKnownFileType = sourcecode.swift; path = AccountViewModel.swift; sourceTree = "<group>"; };
		A22ACC7226371C9500C04639 /* CollectionView.swift */ = {isa = PBXFileReference; lastKnownFileType = sourcecode.swift; path = CollectionView.swift; sourceTree = "<group>"; };
		A22ACC7526371CA200C04639 /* PlaceView.swift */ = {isa = PBXFileReference; lastKnownFileType = sourcecode.swift; path = PlaceView.swift; sourceTree = "<group>"; };
		A22ACC7826371CD000C04639 /* AddCollectionView.swift */ = {isa = PBXFileReference; lastKnownFileType = sourcecode.swift; path = AddCollectionView.swift; sourceTree = "<group>"; };
		A22ACC7C26371CD900C04639 /* AddPlaceView.swift */ = {isa = PBXFileReference; lastKnownFileType = sourcecode.swift; path = AddPlaceView.swift; sourceTree = "<group>"; };
		A22ACC8326371CF700C04639 /* CollectionManageView.swift */ = {isa = PBXFileReference; lastKnownFileType = sourcecode.swift; path = CollectionManageView.swift; sourceTree = "<group>"; };
		A2641F682601786600A0F427 /* Models.swift */ = {isa = PBXFileReference; lastKnownFileType = sourcecode.swift; path = Models.swift; sourceTree = "<group>"; };
		A2641F6D26017CE100A0F427 /* Strings.swift */ = {isa = PBXFileReference; lastKnownFileType = sourcecode.swift; path = Strings.swift; sourceTree = "<group>"; };
		A2641F7326017F4F00A0F427 /* API.swift */ = {isa = PBXFileReference; lastKnownFileType = sourcecode.swift; path = API.swift; sourceTree = "<group>"; };
		A27DD5B22635D8EF00A083CF /* LoginView.swift */ = {isa = PBXFileReference; lastKnownFileType = sourcecode.swift; path = LoginView.swift; sourceTree = "<group>"; };
		A27DD5B62635D96900A083CF /* LoginViewModel.swift */ = {isa = PBXFileReference; lastKnownFileType = sourcecode.swift; path = LoginViewModel.swift; sourceTree = "<group>"; };
		A27DD5BE2635DC9C00A083CF /* CollectionsView.swift */ = {isa = PBXFileReference; lastKnownFileType = sourcecode.swift; path = CollectionsView.swift; sourceTree = "<group>"; };
		A27DD5C12635DCC400A083CF /* LoggedOutView.swift */ = {isa = PBXFileReference; lastKnownFileType = sourcecode.swift; path = LoggedOutView.swift; sourceTree = "<group>"; };
		A27DD5C62635E04400A083CF /* SignupView.swift */ = {isa = PBXFileReference; lastKnownFileType = sourcecode.swift; path = SignupView.swift; sourceTree = "<group>"; };
		A27DD5CA2635E6E000A083CF /* UserViewModel.swift */ = {isa = PBXFileReference; lastKnownFileType = sourcecode.swift; path = UserViewModel.swift; sourceTree = "<group>"; };
		A27DD5CE2635F33400A083CF /* SignupViewModel.swift */ = {isa = PBXFileReference; lastKnownFileType = sourcecode.swift; path = SignupViewModel.swift; sourceTree = "<group>"; };
		A27DD5D12635F69B00A083CF /* CollectionsViewModel.swift */ = {isa = PBXFileReference; lastKnownFileType = sourcecode.swift; path = CollectionsViewModel.swift; sourceTree = "<group>"; };
		A27DD5D42635F95B00A083CF /* AccountView.swift */ = {isa = PBXFileReference; lastKnownFileType = sourcecode.swift; path = AccountView.swift; sourceTree = "<group>"; };
		A27EDE1626362A280081104D /* LocationManager.swift */ = {isa = PBXFileReference; lastKnownFileType = sourcecode.swift; path = LocationManager.swift; sourceTree = "<group>"; };
		A27EDE1A26362A470081104D /* Place.swift */ = {isa = PBXFileReference; lastKnownFileType = sourcecode.swift; path = Place.swift; sourceTree = "<group>"; };
		A27EDE1D26362A5C0081104D /* PlaceAnnotation.swift */ = {isa = PBXFileReference; lastKnownFileType = sourcecode.swift; path = PlaceAnnotation.swift; sourceTree = "<group>"; };
		A27EDE2026362A8E0081104D /* MapView.swift */ = {isa = PBXFileReference; lastKnownFileType = sourcecode.swift; path = MapView.swift; sourceTree = "<group>"; };
		A27EDE2326362AA90081104D /* PlaceListView.swift */ = {isa = PBXFileReference; lastKnownFileType = sourcecode.swift; path = PlaceListView.swift; sourceTree = "<group>"; };
		A27EDE2626362ABA0081104D /* PlaceSearch.swift */ = {isa = PBXFileReference; lastKnownFileType = sourcecode.swift; path = PlaceSearch.swift; sourceTree = "<group>"; };
		A27EDE2A26362B180081104D /* CoreLocation.framework */ = {isa = PBXFileReference; lastKnownFileType = wrapper.framework; name = CoreLocation.framework; path = System/Library/Frameworks/CoreLocation.framework; sourceTree = SDKROOT; };
		A27EDE2C26362B1D0081104D /* MapKit.framework */ = {isa = PBXFileReference; lastKnownFileType = wrapper.framework; name = MapKit.framework; path = System/Library/Frameworks/MapKit.framework; sourceTree = SDKROOT; };
		A2893E202642733900C49BB4 /* TheKnow.entitlements */ = {isa = PBXFileReference; lastKnownFileType = text.plist.entitlements; path = TheKnow.entitlements; sourceTree = "<group>"; };
		A2C1D9062645096900343F6F /* AddCollectionViewModel.swift */ = {isa = PBXFileReference; lastKnownFileType = sourcecode.swift; path = AddCollectionViewModel.swift; sourceTree = "<group>"; };
		A2D050182638DB4F00E031F7 /* LoggedInView.swift */ = {isa = PBXFileReference; lastKnownFileType = sourcecode.swift; path = LoggedInView.swift; sourceTree = "<group>"; };
		A2DED260264B4F0700431545 /* PlaceViewModel.swift */ = {isa = PBXFileReference; lastKnownFileType = sourcecode.swift; path = PlaceViewModel.swift; sourceTree = "<group>"; };
		A2DED263264B631C00431545 /* AddPlaceViewModel.swift */ = {isa = PBXFileReference; lastKnownFileType = sourcecode.swift; path = AddPlaceViewModel.swift; sourceTree = "<group>"; };
		A2DED268264C326200431545 /* PlaceRowView.swift */ = {isa = PBXFileReference; lastKnownFileType = sourcecode.swift; path = PlaceRowView.swift; sourceTree = "<group>"; };
		A2DED26A264C351A00431545 /* CollectionRowView.swift */ = {isa = PBXFileReference; lastKnownFileType = sourcecode.swift; path = CollectionRowView.swift; sourceTree = "<group>"; };
		A2FF88442601668C00D16EBC /* TheKnow.app */ = {isa = PBXFileReference; explicitFileType = wrapper.application; includeInIndex = 0; path = TheKnow.app; sourceTree = BUILT_PRODUCTS_DIR; };
		A2FF88472601668C00D16EBC /* TheKnowApp.swift */ = {isa = PBXFileReference; lastKnownFileType = sourcecode.swift; path = TheKnowApp.swift; sourceTree = "<group>"; };
		A2FF88492601668C00D16EBC /* ContentView.swift */ = {isa = PBXFileReference; lastKnownFileType = sourcecode.swift; path = ContentView.swift; sourceTree = "<group>"; };
		A2FF884B2601668D00D16EBC /* Assets.xcassets */ = {isa = PBXFileReference; lastKnownFileType = folder.assetcatalog; path = Assets.xcassets; sourceTree = "<group>"; };
		A2FF884E2601668D00D16EBC /* Preview Assets.xcassets */ = {isa = PBXFileReference; lastKnownFileType = folder.assetcatalog; path = "Preview Assets.xcassets"; sourceTree = "<group>"; };
		A2FF88502601668D00D16EBC /* Info.plist */ = {isa = PBXFileReference; lastKnownFileType = text.plist.xml; path = Info.plist; sourceTree = "<group>"; };
/* End PBXFileReference section */

/* Begin PBXFrameworksBuildPhase section */
		A2FF88412601668C00D16EBC /* Frameworks */ = {
			isa = PBXFrameworksBuildPhase;
			buildActionMask = 2147483647;
			files = (
				A27EDE2B26362B180081104D /* CoreLocation.framework in Frameworks */,
				A27EDE2D26362B1D0081104D /* MapKit.framework in Frameworks */,
				A2641F432601695700A0F427 /* Alamofire in Frameworks */,
			);
			runOnlyForDeploymentPostprocessing = 0;
		};
/* End PBXFrameworksBuildPhase section */

/* Begin PBXGroup section */
		291FDEC82635C90A00181FE8 /* Views */ = {
			isa = PBXGroup;
			children = (
				A2FF88492601668C00D16EBC /* ContentView.swift */,
				A22ACC8926371D7800C04639 /* AddManageViews */,
				A22ACC8826371D5700C04639 /* DetailViews */,
				A22ACC8626371D2200C04639 /* Map */,
				A2D6AB01263634F500714B17 /* LoggedOut */,
			);
			path = Views;
			sourceTree = "<group>";
		};
		291FDEC92635C91700181FE8 /* Models */ = {
			isa = PBXGroup;
			children = (
				A2641F682601786600A0F427 /* Models.swift */,
				A2641F7326017F4F00A0F427 /* API.swift */,
				291FDECB2635C94F00181FE8 /* YelpAPI.swift */,
				A27EDE1A26362A470081104D /* Place.swift */,
				A27EDE1D26362A5C0081104D /* PlaceAnnotation.swift */,
			);
			path = Models;
			sourceTree = "<group>";
		};
		A22ACC8626371D2200C04639 /* Map */ = {
			isa = PBXGroup;
			children = (
				A27EDE2026362A8E0081104D /* MapView.swift */,
				A27EDE2326362AA90081104D /* PlaceListView.swift */,
				A27EDE2626362ABA0081104D /* PlaceSearch.swift */,
			);
			path = Map;
			sourceTree = "<group>";
		};
		A22ACC8826371D5700C04639 /* DetailViews */ = {
			isa = PBXGroup;
			children = (
				A2D050182638DB4F00E031F7 /* LoggedInView.swift */,
				A27DD5BE2635DC9C00A083CF /* CollectionsView.swift */,
				A22ACC7226371C9500C04639 /* CollectionView.swift */,
				A22ACC7526371CA200C04639 /* PlaceView.swift */,
				A27DD5D42635F95B00A083CF /* AccountView.swift */,
			);
			path = DetailViews;
			sourceTree = "<group>";
		};
		A22ACC8926371D7800C04639 /* AddManageViews */ = {
			isa = PBXGroup;
			children = (
				A22ACC8326371CF700C04639 /* CollectionManageView.swift */,
				A22ACC7826371CD000C04639 /* AddCollectionView.swift */,
				A22ACC7C26371CD900C04639 /* AddPlaceView.swift */,
			);
			path = AddManageViews;
			sourceTree = "<group>";
		};
		A27DD5B52635D95A00A083CF /* ViewModels */ = {
			isa = PBXGroup;
			children = (
				A27DD5CA2635E6E000A083CF /* UserViewModel.swift */,
				A27DD5B62635D96900A083CF /* LoginViewModel.swift */,
				A27DD5CE2635F33400A083CF /* SignupViewModel.swift */,
				A27DD5D12635F69B00A083CF /* CollectionsViewModel.swift */,
				A207D72B263F3D41006BAEC8 /* CollectionViewModel.swift */,
				A207D72D26405584006BAEC8 /* AccountViewModel.swift */,
				A2C1D9062645096900343F6F /* AddCollectionViewModel.swift */,
				A2DED263264B631C00431545 /* AddPlaceViewModel.swift */,
				A2DED260264B4F0700431545 /* PlaceViewModel.swift */,
			);
			path = ViewModels;
			sourceTree = "<group>";
		};
		A27EDE1526362A160081104D /* Managers */ = {
			isa = PBXGroup;
			children = (
				A27EDE1626362A280081104D /* LocationManager.swift */,
			);
			path = Managers;
			sourceTree = "<group>";
		};
		A27EDE2926362B180081104D /* Frameworks */ = {
			isa = PBXGroup;
			children = (
				A27EDE2C26362B1D0081104D /* MapKit.framework */,
				A27EDE2A26362B180081104D /* CoreLocation.framework */,
			);
			name = Frameworks;
			sourceTree = "<group>";
		};
		A2D6AB01263634F500714B17 /* LoggedOut */ = {
			isa = PBXGroup;
			children = (
				A27DD5C12635DCC400A083CF /* LoggedOutView.swift */,
				A27DD5C62635E04400A083CF /* SignupView.swift */,
				A27DD5B22635D8EF00A083CF /* LoginView.swift */,
			);
			path = LoggedOut;
			sourceTree = "<group>";
		};
		A2DED265264C322100431545 /* Components */ = {
			isa = PBXGroup;
			children = (
				A2DED268264C326200431545 /* PlaceRowView.swift */,
				A2DED26A264C351A00431545 /* CollectionRowView.swift */,
			);
			path = Components;
			sourceTree = "<group>";
		};
		A2FF883B2601668C00D16EBC = {
			isa = PBXGroup;
			children = (
				A2FF88462601668C00D16EBC /* TheKnow */,
				A2FF88452601668C00D16EBC /* Products */,
				A27EDE2926362B180081104D /* Frameworks */,
			);
			sourceTree = "<group>";
		};
		A2FF88452601668C00D16EBC /* Products */ = {
			isa = PBXGroup;
			children = (
				A2FF88442601668C00D16EBC /* TheKnow.app */,
			);
			name = Products;
			sourceTree = "<group>";
		};
		A2FF88462601668C00D16EBC /* TheKnow */ = {
			isa = PBXGroup;
			children = (
				A2DED265264C322100431545 /* Components */,
				A27EDE1526362A160081104D /* Managers */,
				A27DD5B52635D95A00A083CF /* ViewModels */,
				291FDEC92635C91700181FE8 /* Models */,
				291FDEC82635C90A00181FE8 /* Views */,
				A2641F6D26017CE100A0F427 /* Strings.swift */,
				A2FF88472601668C00D16EBC /* TheKnowApp.swift */,
				A2FF884B2601668D00D16EBC /* Assets.xcassets */,
				A2FF88502601668D00D16EBC /* Info.plist */,
				A2893E202642733900C49BB4 /* TheKnow.entitlements */,
				A2FF884D2601668D00D16EBC /* Preview Content */,
			);
			path = TheKnow;
			sourceTree = "<group>";
		};
		A2FF884D2601668D00D16EBC /* Preview Content */ = {
			isa = PBXGroup;
			children = (
				A2FF884E2601668D00D16EBC /* Preview Assets.xcassets */,
			);
			path = "Preview Content";
			sourceTree = "<group>";
		};
/* End PBXGroup section */

/* Begin PBXNativeTarget section */
		A2FF88432601668C00D16EBC /* TheKnow */ = {
			isa = PBXNativeTarget;
			buildConfigurationList = A2FF88532601668D00D16EBC /* Build configuration list for PBXNativeTarget "TheKnow" */;
			buildPhases = (
				A2FF88402601668C00D16EBC /* Sources */,
				A2FF88412601668C00D16EBC /* Frameworks */,
				A2FF88422601668C00D16EBC /* Resources */,
			);
			buildRules = (
			);
			dependencies = (
			);
			name = TheKnow;
			packageProductDependencies = (
				A2641F422601695700A0F427 /* Alamofire */,
			);
			productName = TheKnow;
			productReference = A2FF88442601668C00D16EBC /* TheKnow.app */;
			productType = "com.apple.product-type.application";
		};
/* End PBXNativeTarget section */

/* Begin PBXProject section */
		A2FF883C2601668C00D16EBC /* Project object */ = {
			isa = PBXProject;
			attributes = {
				LastSwiftUpdateCheck = 1240;
				LastUpgradeCheck = 1240;
				TargetAttributes = {
					A2FF88432601668C00D16EBC = {
						CreatedOnToolsVersion = 12.4;
					};
				};
			};
			buildConfigurationList = A2FF883F2601668C00D16EBC /* Build configuration list for PBXProject "TheKnow" */;
			compatibilityVersion = "Xcode 9.3";
			developmentRegion = en;
			hasScannedForEncodings = 0;
			knownRegions = (
				en,
				Base,
			);
			mainGroup = A2FF883B2601668C00D16EBC;
			packageReferences = (
				A2641F412601695700A0F427 /* XCRemoteSwiftPackageReference "Alamofire" */,
			);
			productRefGroup = A2FF88452601668C00D16EBC /* Products */;
			projectDirPath = "";
			projectRoot = "";
			targets = (
				A2FF88432601668C00D16EBC /* TheKnow */,
			);
		};
/* End PBXProject section */

/* Begin PBXResourcesBuildPhase section */
		A2FF88422601668C00D16EBC /* Resources */ = {
			isa = PBXResourcesBuildPhase;
			buildActionMask = 2147483647;
			files = (
				A2FF884F2601668D00D16EBC /* Preview Assets.xcassets in Resources */,
				A2FF884C2601668D00D16EBC /* Assets.xcassets in Resources */,
			);
			runOnlyForDeploymentPostprocessing = 0;
		};
/* End PBXResourcesBuildPhase section */

/* Begin PBXSourcesBuildPhase section */
		A2FF88402601668C00D16EBC /* Sources */ = {
			isa = PBXSourcesBuildPhase;
			buildActionMask = 2147483647;
			files = (
				291FDECC2635C94F00181FE8 /* YelpAPI.swift in Sources */,
				A22ACC8426371CF700C04639 /* CollectionManageView.swift in Sources */,
				A27DD5CB2635E6E000A083CF /* UserViewModel.swift in Sources */,
				A22ACC7626371CA200C04639 /* PlaceView.swift in Sources */,
				A27EDE2426362AA90081104D /* PlaceListView.swift in Sources */,
				A22ACC7D26371CD900C04639 /* AddPlaceView.swift in Sources */,
				A27DD5B32635D8EF00A083CF /* LoginView.swift in Sources */,
				A27DD5BF2635DC9C00A083CF /* CollectionsView.swift in Sources */,
				A27EDE1726362A280081104D /* LocationManager.swift in Sources */,
				A27DD5D22635F69B00A083CF /* CollectionsViewModel.swift in Sources */,
				A2DED269264C326200431545 /* PlaceRowView.swift in Sources */,
				A2DED261264B4F0700431545 /* PlaceViewModel.swift in Sources */,
				A2641F692601786600A0F427 /* Models.swift in Sources */,
				A2FF884A2601668C00D16EBC /* ContentView.swift in Sources */,
				A22ACC7926371CD000C04639 /* AddCollectionView.swift in Sources */,
				A27DD5B72635D96900A083CF /* LoginViewModel.swift in Sources */,
				A27EDE1B26362A470081104D /* Place.swift in Sources */,
				A27EDE1E26362A5C0081104D /* PlaceAnnotation.swift in Sources */,
				A207D72C263F3D41006BAEC8 /* CollectionViewModel.swift in Sources */,
				A2D050192638DB4F00E031F7 /* LoggedInView.swift in Sources */,
				A2C1D9072645096900343F6F /* AddCollectionViewModel.swift in Sources */,
				A2DED264264B631C00431545 /* AddPlaceViewModel.swift in Sources */,
				A27DD5CF2635F33400A083CF /* SignupViewModel.swift in Sources */,
				A27DD5D52635F95B00A083CF /* AccountView.swift in Sources */,
				A2641F6E26017CE100A0F427 /* Strings.swift in Sources */,
				A27DD5C22635DCC400A083CF /* LoggedOutView.swift in Sources */,
				A207D72E26405584006BAEC8 /* AccountViewModel.swift in Sources */,
				A27EDE2126362A8E0081104D /* MapView.swift in Sources */,
				A2FF88482601668C00D16EBC /* TheKnowApp.swift in Sources */,
				A2DED26B264C351A00431545 /* CollectionRowView.swift in Sources */,
				A27DD5C72635E04400A083CF /* SignupView.swift in Sources */,
				A27EDE2726362ABA0081104D /* PlaceSearch.swift in Sources */,
				A22ACC7326371C9500C04639 /* CollectionView.swift in Sources */,
				A2641F7426017F4F00A0F427 /* API.swift in Sources */,
			);
			runOnlyForDeploymentPostprocessing = 0;
		};
/* End PBXSourcesBuildPhase section */

/* Begin XCBuildConfiguration section */
		A2FF88512601668D00D16EBC /* Debug */ = {
			isa = XCBuildConfiguration;
			buildSettings = {
				ALWAYS_SEARCH_USER_PATHS = NO;
				CLANG_ANALYZER_NONNULL = YES;
				CLANG_ANALYZER_NUMBER_OBJECT_CONVERSION = YES_AGGRESSIVE;
				CLANG_CXX_LANGUAGE_STANDARD = "gnu++14";
				CLANG_CXX_LIBRARY = "libc++";
				CLANG_ENABLE_MODULES = YES;
				CLANG_ENABLE_OBJC_ARC = YES;
				CLANG_ENABLE_OBJC_WEAK = YES;
				CLANG_WARN_BLOCK_CAPTURE_AUTORELEASING = YES;
				CLANG_WARN_BOOL_CONVERSION = YES;
				CLANG_WARN_COMMA = YES;
				CLANG_WARN_CONSTANT_CONVERSION = YES;
				CLANG_WARN_DEPRECATED_OBJC_IMPLEMENTATIONS = YES;
				CLANG_WARN_DIRECT_OBJC_ISA_USAGE = YES_ERROR;
				CLANG_WARN_DOCUMENTATION_COMMENTS = YES;
				CLANG_WARN_EMPTY_BODY = YES;
				CLANG_WARN_ENUM_CONVERSION = YES;
				CLANG_WARN_INFINITE_RECURSION = YES;
				CLANG_WARN_INT_CONVERSION = YES;
				CLANG_WARN_NON_LITERAL_NULL_CONVERSION = YES;
				CLANG_WARN_OBJC_IMPLICIT_RETAIN_SELF = YES;
				CLANG_WARN_OBJC_LITERAL_CONVERSION = YES;
				CLANG_WARN_OBJC_ROOT_CLASS = YES_ERROR;
				CLANG_WARN_QUOTED_INCLUDE_IN_FRAMEWORK_HEADER = YES;
				CLANG_WARN_RANGE_LOOP_ANALYSIS = YES;
				CLANG_WARN_STRICT_PROTOTYPES = YES;
				CLANG_WARN_SUSPICIOUS_MOVE = YES;
				CLANG_WARN_UNGUARDED_AVAILABILITY = YES_AGGRESSIVE;
				CLANG_WARN_UNREACHABLE_CODE = YES;
				CLANG_WARN__DUPLICATE_METHOD_MATCH = YES;
				COPY_PHASE_STRIP = NO;
				DEBUG_INFORMATION_FORMAT = dwarf;
				ENABLE_STRICT_OBJC_MSGSEND = YES;
				ENABLE_TESTABILITY = YES;
				GCC_C_LANGUAGE_STANDARD = gnu11;
				GCC_DYNAMIC_NO_PIC = NO;
				GCC_NO_COMMON_BLOCKS = YES;
				GCC_OPTIMIZATION_LEVEL = 0;
				GCC_PREPROCESSOR_DEFINITIONS = (
					"DEBUG=1",
					"$(inherited)",
				);
				GCC_WARN_64_TO_32_BIT_CONVERSION = YES;
				GCC_WARN_ABOUT_RETURN_TYPE = YES_ERROR;
				GCC_WARN_UNDECLARED_SELECTOR = YES;
				GCC_WARN_UNINITIALIZED_AUTOS = YES_AGGRESSIVE;
				GCC_WARN_UNUSED_FUNCTION = YES;
				GCC_WARN_UNUSED_VARIABLE = YES;
				IPHONEOS_DEPLOYMENT_TARGET = 14.4;
				MTL_ENABLE_DEBUG_INFO = INCLUDE_SOURCE;
				MTL_FAST_MATH = YES;
				ONLY_ACTIVE_ARCH = YES;
				SDKROOT = iphoneos;
				SWIFT_ACTIVE_COMPILATION_CONDITIONS = DEBUG;
				SWIFT_OPTIMIZATION_LEVEL = "-Onone";
			};
			name = Debug;
		};
		A2FF88522601668D00D16EBC /* Release */ = {
			isa = XCBuildConfiguration;
			buildSettings = {
				ALWAYS_SEARCH_USER_PATHS = NO;
				CLANG_ANALYZER_NONNULL = YES;
				CLANG_ANALYZER_NUMBER_OBJECT_CONVERSION = YES_AGGRESSIVE;
				CLANG_CXX_LANGUAGE_STANDARD = "gnu++14";
				CLANG_CXX_LIBRARY = "libc++";
				CLANG_ENABLE_MODULES = YES;
				CLANG_ENABLE_OBJC_ARC = YES;
				CLANG_ENABLE_OBJC_WEAK = YES;
				CLANG_WARN_BLOCK_CAPTURE_AUTORELEASING = YES;
				CLANG_WARN_BOOL_CONVERSION = YES;
				CLANG_WARN_COMMA = YES;
				CLANG_WARN_CONSTANT_CONVERSION = YES;
				CLANG_WARN_DEPRECATED_OBJC_IMPLEMENTATIONS = YES;
				CLANG_WARN_DIRECT_OBJC_ISA_USAGE = YES_ERROR;
				CLANG_WARN_DOCUMENTATION_COMMENTS = YES;
				CLANG_WARN_EMPTY_BODY = YES;
				CLANG_WARN_ENUM_CONVERSION = YES;
				CLANG_WARN_INFINITE_RECURSION = YES;
				CLANG_WARN_INT_CONVERSION = YES;
				CLANG_WARN_NON_LITERAL_NULL_CONVERSION = YES;
				CLANG_WARN_OBJC_IMPLICIT_RETAIN_SELF = YES;
				CLANG_WARN_OBJC_LITERAL_CONVERSION = YES;
				CLANG_WARN_OBJC_ROOT_CLASS = YES_ERROR;
				CLANG_WARN_QUOTED_INCLUDE_IN_FRAMEWORK_HEADER = YES;
				CLANG_WARN_RANGE_LOOP_ANALYSIS = YES;
				CLANG_WARN_STRICT_PROTOTYPES = YES;
				CLANG_WARN_SUSPICIOUS_MOVE = YES;
				CLANG_WARN_UNGUARDED_AVAILABILITY = YES_AGGRESSIVE;
				CLANG_WARN_UNREACHABLE_CODE = YES;
				CLANG_WARN__DUPLICATE_METHOD_MATCH = YES;
				COPY_PHASE_STRIP = NO;
				DEBUG_INFORMATION_FORMAT = "dwarf-with-dsym";
				ENABLE_NS_ASSERTIONS = NO;
				ENABLE_STRICT_OBJC_MSGSEND = YES;
				GCC_C_LANGUAGE_STANDARD = gnu11;
				GCC_NO_COMMON_BLOCKS = YES;
				GCC_WARN_64_TO_32_BIT_CONVERSION = YES;
				GCC_WARN_ABOUT_RETURN_TYPE = YES_ERROR;
				GCC_WARN_UNDECLARED_SELECTOR = YES;
				GCC_WARN_UNINITIALIZED_AUTOS = YES_AGGRESSIVE;
				GCC_WARN_UNUSED_FUNCTION = YES;
				GCC_WARN_UNUSED_VARIABLE = YES;
				IPHONEOS_DEPLOYMENT_TARGET = 14.4;
				MTL_ENABLE_DEBUG_INFO = NO;
				MTL_FAST_MATH = YES;
				SDKROOT = iphoneos;
				SWIFT_COMPILATION_MODE = wholemodule;
				SWIFT_OPTIMIZATION_LEVEL = "-O";
				VALIDATE_PRODUCT = YES;
			};
			name = Release;
		};
		A2FF88542601668D00D16EBC /* Debug */ = {
			isa = XCBuildConfiguration;
			buildSettings = {
				ASSETCATALOG_COMPILER_APPICON_NAME = AppIcon;
				ASSETCATALOG_COMPILER_GLOBAL_ACCENT_COLOR_NAME = AccentColor;
				CODE_SIGN_ENTITLEMENTS = TheKnow/TheKnow.entitlements;
				CODE_SIGN_STYLE = Automatic;
				DEVELOPMENT_ASSET_PATHS = "\"TheKnow/Preview Content\"";
				DEVELOPMENT_TEAM = 7QNFFF785Z;
				ENABLE_PREVIEWS = YES;
				INFOPLIST_FILE = TheKnow/Info.plist;
				IPHONEOS_DEPLOYMENT_TARGET = 14.0;
				LD_RUNPATH_SEARCH_PATHS = (
					"$(inherited)",
					"@executable_path/Frameworks",
				);
				PRODUCT_BUNDLE_IDENTIFIER = com.margosian.TheKnow;
				PRODUCT_NAME = "$(TARGET_NAME)";
				SWIFT_VERSION = 5.0;
				TARGETED_DEVICE_FAMILY = "1,2";
			};
			name = Debug;
		};
		A2FF88552601668D00D16EBC /* Release */ = {
			isa = XCBuildConfiguration;
			buildSettings = {
				ASSETCATALOG_COMPILER_APPICON_NAME = AppIcon;
				ASSETCATALOG_COMPILER_GLOBAL_ACCENT_COLOR_NAME = AccentColor;
				CODE_SIGN_ENTITLEMENTS = TheKnow/TheKnow.entitlements;
				CODE_SIGN_STYLE = Automatic;
				DEVELOPMENT_ASSET_PATHS = "\"TheKnow/Preview Content\"";
				DEVELOPMENT_TEAM = YQYAB9U8EZ;
				ENABLE_PREVIEWS = YES;
				INFOPLIST_FILE = TheKnow/Info.plist;
				IPHONEOS_DEPLOYMENT_TARGET = 14.0;
				LD_RUNPATH_SEARCH_PATHS = (
					"$(inherited)",
					"@executable_path/Frameworks",
				);
				PRODUCT_BUNDLE_IDENTIFIER = com.margosian.TheKnow;
				PRODUCT_NAME = "$(TARGET_NAME)";
				SWIFT_VERSION = 5.0;
				TARGETED_DEVICE_FAMILY = "1,2";
			};
			name = Release;
		};
/* End XCBuildConfiguration section */

/* Begin XCConfigurationList section */
		A2FF883F2601668C00D16EBC /* Build configuration list for PBXProject "TheKnow" */ = {
			isa = XCConfigurationList;
			buildConfigurations = (
				A2FF88512601668D00D16EBC /* Debug */,
				A2FF88522601668D00D16EBC /* Release */,
			);
			defaultConfigurationIsVisible = 0;
			defaultConfigurationName = Release;
		};
		A2FF88532601668D00D16EBC /* Build configuration list for PBXNativeTarget "TheKnow" */ = {
			isa = XCConfigurationList;
			buildConfigurations = (
				A2FF88542601668D00D16EBC /* Debug */,
				A2FF88552601668D00D16EBC /* Release */,
			);
			defaultConfigurationIsVisible = 0;
			defaultConfigurationName = Release;
		};
/* End XCConfigurationList section */

/* Begin XCRemoteSwiftPackageReference section */
		A2641F412601695700A0F427 /* XCRemoteSwiftPackageReference "Alamofire" */ = {
			isa = XCRemoteSwiftPackageReference;
			repositoryURL = "https://github.com/Alamofire/Alamofire";
			requirement = {
				kind = upToNextMajorVersion;
				minimumVersion = 5.4.1;
			};
		};
/* End XCRemoteSwiftPackageReference section */

/* Begin XCSwiftPackageProductDependency section */
		A2641F422601695700A0F427 /* Alamofire */ = {
			isa = XCSwiftPackageProductDependency;
			package = A2641F412601695700A0F427 /* XCRemoteSwiftPackageReference "Alamofire" */;
			productName = Alamofire;
		};
/* End XCSwiftPackageProductDependency section */
	};
	rootObject = A2FF883C2601668C00D16EBC /* Project object */;
}
