// !$*UTF8*$!
{
	archiveVersion = 1;
	classes = {
	};
	objectVersion = 52;
	objects = {

/* Begin PBXBuildFile section */
		A2641F432601695700A0F427 /* Alamofire in Frameworks */ = {isa = PBXBuildFile; productRef = A2641F422601695700A0F427 /* Alamofire */; };
		A2641F692601786600A0F427 /* Models.swift in Sources */ = {isa = PBXBuildFile; fileRef = A2641F682601786600A0F427 /* Models.swift */; };
		A2641F6E26017CE100A0F427 /* Strings.swift in Sources */ = {isa = PBXBuildFile; fileRef = A2641F6D26017CE100A0F427 /* Strings.swift */; };
		A2641F7426017F4F00A0F427 /* API.swift in Sources */ = {isa = PBXBuildFile; fileRef = A2641F7326017F4F00A0F427 /* API.swift */; };
		A2FF88482601668C00D16EBC /* TheKnowApp.swift in Sources */ = {isa = PBXBuildFile; fileRef = A2FF88472601668C00D16EBC /* TheKnowApp.swift */; };
		A2FF884A2601668C00D16EBC /* ContentView.swift in Sources */ = {isa = PBXBuildFile; fileRef = A2FF88492601668C00D16EBC /* ContentView.swift */; };
		A2FF884C2601668D00D16EBC /* Assets.xcassets in Resources */ = {isa = PBXBuildFile; fileRef = A2FF884B2601668D00D16EBC /* Assets.xcassets */; };
		A2FF884F2601668D00D16EBC /* Preview Assets.xcassets in Resources */ = {isa = PBXBuildFile; fileRef = A2FF884E2601668D00D16EBC /* Preview Assets.xcassets */; };
/* End PBXBuildFile section */

/* Begin PBXFileReference section */
		A2641F682601786600A0F427 /* Models.swift */ = {isa = PBXFileReference; lastKnownFileType = sourcecode.swift; path = Models.swift; sourceTree = "<group>"; };
		A2641F6D26017CE100A0F427 /* Strings.swift */ = {isa = PBXFileReference; lastKnownFileType = sourcecode.swift; path = Strings.swift; sourceTree = "<group>"; };
		A2641F7326017F4F00A0F427 /* API.swift */ = {isa = PBXFileReference; lastKnownFileType = sourcecode.swift; path = API.swift; sourceTree = "<group>"; };
		A2FF88442601668C00D16EBC /* TheKnow.app */ = {isa = PBXFileReference; explicitFileType = wrapper.application; includeInIndex = 0; path = TheKnow.app; sourceTree = BUILT_PRODUCTS_DIR; };
		A2FF88472601668C00D16EBC /* TheKnowApp.swift */ = {isa = PBXFileReference; lastKnownFileType = sourcecode.swift; path = TheKnowApp.swift; sourceTree = "<group>"; };
		A2FF88492601668C00D16EBC /* ContentView.swift */ = {isa = PBXFileReference; lastKnownFileType = sourcecode.swift; path = ContentView.swift; sourceTree = "<group>"; };
		A2FF884B2601668D00D16EBC /* Assets.xcassets */ = {isa = PBXFileReference; lastKnownFileType = folder.assetcatalog; path = Assets.xcassets; sourceTree = "<group>"; };
		A2FF884E2601668D00D16EBC /* Preview Assets.xcassets */ = {isa = PBXFileReference; lastKnownFileType = folder.assetcatalog; path = "Preview Assets.xcassets"; sourceTree = "<group>"; };
		A2FF88502601668D00D16EBC /* Info.plist */ = {isa = PBXFileReference; lastKnownFileType = text.plist.xml; path = Info.plist; sourceTree = "<group>"; };
/* End PBXFileReference section */

/* Begin PBXFrameworksBuildPhase section */
		A2FF88412601668C00D16EBC /* Frameworks */ = {
			isa = PBXFrameworksBuildPhase;
			buildActionMask = 2147483647;
			files = (
				A2641F432601695700A0F427 /* Alamofire in Frameworks */,
			);
			runOnlyForDeploymentPostprocessing = 0;
		};
/* End PBXFrameworksBuildPhase section */

/* Begin PBXGroup section */
		A2FF883B2601668C00D16EBC = {
			isa = PBXGroup;
			children = (
				A2FF88462601668C00D16EBC /* TheKnow */,
				A2FF88452601668C00D16EBC /* Products */,
			);
			sourceTree = "<group>";
		};
		A2FF88452601668C00D16EBC /* Products */ = {
			isa = PBXGroup;
			children = (
				A2FF88442601668C00D16EBC /* TheKnow.app */,
			);
			name = Products;
			sourceTree = "<group>";
		};
		A2FF88462601668C00D16EBC /* TheKnow */ = {
			isa = PBXGroup;
			children = (
				A2641F6D26017CE100A0F427 /* Strings.swift */,
				A2FF88472601668C00D16EBC /* TheKnowApp.swift */,
				A2FF88492601668C00D16EBC /* ContentView.swift */,
				A2641F7326017F4F00A0F427 /* API.swift */,
				A2641F682601786600A0F427 /* Models.swift */,
				A2FF884B2601668D00D16EBC /* Assets.xcassets */,
				A2FF88502601668D00D16EBC /* Info.plist */,
				A2FF884D2601668D00D16EBC /* Preview Content */,
			);
			path = TheKnow;
			sourceTree = "<group>";
		};
		A2FF884D2601668D00D16EBC /* Preview Content */ = {
			isa = PBXGroup;
			children = (
				A2FF884E2601668D00D16EBC /* Preview Assets.xcassets */,
			);
			path = "Preview Content";
			sourceTree = "<group>";
		};
/* End PBXGroup section */

/* Begin PBXNativeTarget section */
		A2FF88432601668C00D16EBC /* TheKnow */ = {
			isa = PBXNativeTarget;
			buildConfigurationList = A2FF88532601668D00D16EBC /* Build configuration list for PBXNativeTarget "TheKnow" */;
			buildPhases = (
				A2FF88402601668C00D16EBC /* Sources */,
				A2FF88412601668C00D16EBC /* Frameworks */,
				A2FF88422601668C00D16EBC /* Resources */,
			);
			buildRules = (
			);
			dependencies = (
			);
			name = TheKnow;
			packageProductDependencies = (
				A2641F422601695700A0F427 /* Alamofire */,
			);
			productName = TheKnow;
			productReference = A2FF88442601668C00D16EBC /* TheKnow.app */;
			productType = "com.apple.product-type.application";
		};
/* End PBXNativeTarget section */

/* Begin PBXProject section */
		A2FF883C2601668C00D16EBC /* Project object */ = {
			isa = PBXProject;
			attributes = {
				LastSwiftUpdateCheck = 1240;
				LastUpgradeCheck = 1240;
				TargetAttributes = {
					A2FF88432601668C00D16EBC = {
						CreatedOnToolsVersion = 12.4;
					};
				};
			};
			buildConfigurationList = A2FF883F2601668C00D16EBC /* Build configuration list for PBXProject "TheKnow" */;
			compatibilityVersion = "Xcode 9.3";
			developmentRegion = en;
			hasScannedForEncodings = 0;
			knownRegions = (
				en,
				Base,
			);
			mainGroup = A2FF883B2601668C00D16EBC;
			packageReferences = (
				A2641F412601695700A0F427 /* XCRemoteSwiftPackageReference "Alamofire" */,
			);
			productRefGroup = A2FF88452601668C00D16EBC /* Products */;
			projectDirPath = "";
			projectRoot = "";
			targets = (
				A2FF88432601668C00D16EBC /* TheKnow */,
			);
		};
/* End PBXProject section */

/* Begin PBXResourcesBuildPhase section */
		A2FF88422601668C00D16EBC /* Resources */ = {
			isa = PBXResourcesBuildPhase;
			buildActionMask = 2147483647;
			files = (
				A2FF884F2601668D00D16EBC /* Preview Assets.xcassets in Resources */,
				A2FF884C2601668D00D16EBC /* Assets.xcassets in Resources */,
			);
			runOnlyForDeploymentPostprocessing = 0;
		};
/* End PBXResourcesBuildPhase section */

/* Begin PBXSourcesBuildPhase section */
		A2FF88402601668C00D16EBC /* Sources */ = {
			isa = PBXSourcesBuildPhase;
			buildActionMask = 2147483647;
			files = (
				A2641F692601786600A0F427 /* Models.swift in Sources */,
				A2FF884A2601668C00D16EBC /* ContentView.swift in Sources */,
				A2641F6E26017CE100A0F427 /* Strings.swift in Sources */,
				A2FF88482601668C00D16EBC /* TheKnowApp.swift in Sources */,
				A2641F7426017F4F00A0F427 /* API.swift in Sources */,
			);
			runOnlyForDeploymentPostprocessing = 0;
		};
/* End PBXSourcesBuildPhase section */

/* Begin XCBuildConfiguration section */
		A2FF88512601668D00D16EBC /* Debug */ = {
			isa = XCBuildConfiguration;
			buildSettings = {
				ALWAYS_SEARCH_USER_PATHS = NO;
				CLANG_ANALYZER_NONNULL = YES;
				CLANG_ANALYZER_NUMBER_OBJECT_CONVERSION = YES_AGGRESSIVE;
				CLANG_CXX_LANGUAGE_STANDARD = "gnu++14";
				CLANG_CXX_LIBRARY = "libc++";
				CLANG_ENABLE_MODULES = YES;
				CLANG_ENABLE_OBJC_ARC = YES;
				CLANG_ENABLE_OBJC_WEAK = YES;
				CLANG_WARN_BLOCK_CAPTURE_AUTORELEASING = YES;
				CLANG_WARN_BOOL_CONVERSION = YES;
				CLANG_WARN_COMMA = YES;
				CLANG_WARN_CONSTANT_CONVERSION = YES;
				CLANG_WARN_DEPRECATED_OBJC_IMPLEMENTATIONS = YES;
				CLANG_WARN_DIRECT_OBJC_ISA_USAGE = YES_ERROR;
				CLANG_WARN_DOCUMENTATION_COMMENTS = YES;
				CLANG_WARN_EMPTY_BODY = YES;
				CLANG_WARN_ENUM_CONVERSION = YES;
				CLANG_WARN_INFINITE_RECURSION = YES;
				CLANG_WARN_INT_CONVERSION = YES;
				CLANG_WARN_NON_LITERAL_NULL_CONVERSION = YES;
				CLANG_WARN_OBJC_IMPLICIT_RETAIN_SELF = YES;
				CLANG_WARN_OBJC_LITERAL_CONVERSION = YES;
				CLANG_WARN_OBJC_ROOT_CLASS = YES_ERROR;
				CLANG_WARN_QUOTED_INCLUDE_IN_FRAMEWORK_HEADER = YES;
				CLANG_WARN_RANGE_LOOP_ANALYSIS = YES;
				CLANG_WARN_STRICT_PROTOTYPES = YES;
				CLANG_WARN_SUSPICIOUS_MOVE = YES;
				CLANG_WARN_UNGUARDED_AVAILABILITY = YES_AGGRESSIVE;
				CLANG_WARN_UNREACHABLE_CODE = YES;
				CLANG_WARN__DUPLICATE_METHOD_MATCH = YES;
				COPY_PHASE_STRIP = NO;
				DEBUG_INFORMATION_FORMAT = dwarf;
				ENABLE_STRICT_OBJC_MSGSEND = YES;
				ENABLE_TESTABILITY = YES;
				GCC_C_LANGUAGE_STANDARD = gnu11;
				GCC_DYNAMIC_NO_PIC = NO;
				GCC_NO_COMMON_BLOCKS = YES;
				GCC_OPTIMIZATION_LEVEL = 0;
				GCC_PREPROCESSOR_DEFINITIONS = (
					"DEBUG=1",
					"$(inherited)",
				);
				GCC_WARN_64_TO_32_BIT_CONVERSION = YES;
				GCC_WARN_ABOUT_RETURN_TYPE = YES_ERROR;
				GCC_WARN_UNDECLARED_SELECTOR = YES;
				GCC_WARN_UNINITIALIZED_AUTOS = YES_AGGRESSIVE;
				GCC_WARN_UNUSED_FUNCTION = YES;
				GCC_WARN_UNUSED_VARIABLE = YES;
				IPHONEOS_DEPLOYMENT_TARGET = 14.4;
				MTL_ENABLE_DEBUG_INFO = INCLUDE_SOURCE;
				MTL_FAST_MATH = YES;
				ONLY_ACTIVE_ARCH = YES;
				SDKROOT = iphoneos;
				SWIFT_ACTIVE_COMPILATION_CONDITIONS = DEBUG;
				SWIFT_OPTIMIZATION_LEVEL = "-Onone";
			};
			name = Debug;
		};
		A2FF88522601668D00D16EBC /* Release */ = {
			isa = XCBuildConfiguration;
			buildSettings = {
				ALWAYS_SEARCH_USER_PATHS = NO;
				CLANG_ANALYZER_NONNULL = YES;
				CLANG_ANALYZER_NUMBER_OBJECT_CONVERSION = YES_AGGRESSIVE;
				CLANG_CXX_LANGUAGE_STANDARD = "gnu++14";
				CLANG_CXX_LIBRARY = "libc++";
				CLANG_ENABLE_MODULES = YES;
				CLANG_ENABLE_OBJC_ARC = YES;
				CLANG_ENABLE_OBJC_WEAK = YES;
				CLANG_WARN_BLOCK_CAPTURE_AUTORELEASING = YES;
				CLANG_WARN_BOOL_CONVERSION = YES;
				CLANG_WARN_COMMA = YES;
				CLANG_WARN_CONSTANT_CONVERSION = YES;
				CLANG_WARN_DEPRECATED_OBJC_IMPLEMENTATIONS = YES;
				CLANG_WARN_DIRECT_OBJC_ISA_USAGE = YES_ERROR;
				CLANG_WARN_DOCUMENTATION_COMMENTS = YES;
				CLANG_WARN_EMPTY_BODY = YES;
				CLANG_WARN_ENUM_CONVERSION = YES;
				CLANG_WARN_INFINITE_RECURSION = YES;
				CLANG_WARN_INT_CONVERSION = YES;
				CLANG_WARN_NON_LITERAL_NULL_CONVERSION = YES;
				CLANG_WARN_OBJC_IMPLICIT_RETAIN_SELF = YES;
				CLANG_WARN_OBJC_LITERAL_CONVERSION = YES;
				CLANG_WARN_OBJC_ROOT_CLASS = YES_ERROR;
				CLANG_WARN_QUOTED_INCLUDE_IN_FRAMEWORK_HEADER = YES;
				CLANG_WARN_RANGE_LOOP_ANALYSIS = YES;
				CLANG_WARN_STRICT_PROTOTYPES = YES;
				CLANG_WARN_SUSPICIOUS_MOVE = YES;
				CLANG_WARN_UNGUARDED_AVAILABILITY = YES_AGGRESSIVE;
				CLANG_WARN_UNREACHABLE_CODE = YES;
				CLANG_WARN__DUPLICATE_METHOD_MATCH = YES;
				COPY_PHASE_STRIP = NO;
				DEBUG_INFORMATION_FORMAT = "dwarf-with-dsym";
				ENABLE_NS_ASSERTIONS = NO;
				ENABLE_STRICT_OBJC_MSGSEND = YES;
				GCC_C_LANGUAGE_STANDARD = gnu11;
				GCC_NO_COMMON_BLOCKS = YES;
				GCC_WARN_64_TO_32_BIT_CONVERSION = YES;
				GCC_WARN_ABOUT_RETURN_TYPE = YES_ERROR;
				GCC_WARN_UNDECLARED_SELECTOR = YES;
				GCC_WARN_UNINITIALIZED_AUTOS = YES_AGGRESSIVE;
				GCC_WARN_UNUSED_FUNCTION = YES;
				GCC_WARN_UNUSED_VARIABLE = YES;
				IPHONEOS_DEPLOYMENT_TARGET = 14.4;
				MTL_ENABLE_DEBUG_INFO = NO;
				MTL_FAST_MATH = YES;
				SDKROOT = iphoneos;
				SWIFT_COMPILATION_MODE = wholemodule;
				SWIFT_OPTIMIZATION_LEVEL = "-O";
				VALIDATE_PRODUCT = YES;
			};
			name = Release;
		};
		A2FF88542601668D00D16EBC /* Debug */ = {
			isa = XCBuildConfiguration;
			buildSettings = {
				ASSETCATALOG_COMPILER_APPICON_NAME = AppIcon;
				ASSETCATALOG_COMPILER_GLOBAL_ACCENT_COLOR_NAME = AccentColor;
				CODE_SIGN_STYLE = Automatic;
				DEVELOPMENT_ASSET_PATHS = "\"TheKnow/Preview Content\"";
				DEVELOPMENT_TEAM = 7QNFFF785Z;
				ENABLE_PREVIEWS = YES;
				INFOPLIST_FILE = TheKnow/Info.plist;
				IPHONEOS_DEPLOYMENT_TARGET = 14.0;
				LD_RUNPATH_SEARCH_PATHS = (
					"$(inherited)",
					"@executable_path/Frameworks",
				);
				PRODUCT_BUNDLE_IDENTIFIER = com.margosian.TheKnow;
				PRODUCT_NAME = "$(TARGET_NAME)";
				SWIFT_VERSION = 5.0;
				TARGETED_DEVICE_FAMILY = "1,2";
			};
			name = Debug;
		};
		A2FF88552601668D00D16EBC /* Release */ = {
			isa = XCBuildConfiguration;
			buildSettings = {
				ASSETCATALOG_COMPILER_APPICON_NAME = AppIcon;
				ASSETCATALOG_COMPILER_GLOBAL_ACCENT_COLOR_NAME = AccentColor;
				CODE_SIGN_STYLE = Automatic;
				DEVELOPMENT_ASSET_PATHS = "\"TheKnow/Preview Content\"";
				DEVELOPMENT_TEAM = 7QNFFF785Z;
				ENABLE_PREVIEWS = YES;
				INFOPLIST_FILE = TheKnow/Info.plist;
				IPHONEOS_DEPLOYMENT_TARGET = 14.0;
				LD_RUNPATH_SEARCH_PATHS = (
					"$(inherited)",
					"@executable_path/Frameworks",
				);
				PRODUCT_BUNDLE_IDENTIFIER = com.margosian.TheKnow;
				PRODUCT_NAME = "$(TARGET_NAME)";
				SWIFT_VERSION = 5.0;
				TARGETED_DEVICE_FAMILY = "1,2";
			};
			name = Release;
		};
/* End XCBuildConfiguration section */

/* Begin XCConfigurationList section */
		A2FF883F2601668C00D16EBC /* Build configuration list for PBXProject "TheKnow" */ = {
			isa = XCConfigurationList;
			buildConfigurations = (
				A2FF88512601668D00D16EBC /* Debug */,
				A2FF88522601668D00D16EBC /* Release */,
			);
			defaultConfigurationIsVisible = 0;
			defaultConfigurationName = Release;
		};
		A2FF88532601668D00D16EBC /* Build configuration list for PBXNativeTarget "TheKnow" */ = {
			isa = XCConfigurationList;
			buildConfigurations = (
				A2FF88542601668D00D16EBC /* Debug */,
				A2FF88552601668D00D16EBC /* Release */,
			);
			defaultConfigurationIsVisible = 0;
			defaultConfigurationName = Release;
		};
/* End XCConfigurationList section */

/* Begin XCRemoteSwiftPackageReference section */
		A2641F412601695700A0F427 /* XCRemoteSwiftPackageReference "Alamofire" */ = {
			isa = XCRemoteSwiftPackageReference;
			repositoryURL = "https://github.com/Alamofire/Alamofire";
			requirement = {
				kind = upToNextMajorVersion;
				minimumVersion = 5.4.1;
			};
		};
/* End XCRemoteSwiftPackageReference section */

/* Begin XCSwiftPackageProductDependency section */
		A2641F422601695700A0F427 /* Alamofire */ = {
			isa = XCSwiftPackageProductDependency;
			package = A2641F412601695700A0F427 /* XCRemoteSwiftPackageReference "Alamofire" */;
			productName = Alamofire;
		};
/* End XCSwiftPackageProductDependency section */
	};
	rootObject = A2FF883C2601668C00D16EBC /* Project object */;
}
